
Microsoft Visual Studio Solution File, Format Version 12.00
# Visual Studio Version 16
VisualStudioVersion = 16.0.29215.179
MinimumVisualStudioVersion = 10.0.40219.1
Project("{A0786B88-2ADB-4C21-ABE8-AA2D79766269}") = "synopsis", "synopsis.phpproj", "{7E67ABC1-0998-4693-B957-F417CDF819D9}"
EndProject
Global
	GlobalSection(SolutionConfigurationPlatforms) = preSolution
		Debug|Any CPU = Debug|Any CPU
		Release|Any CPU = Release|Any CPU
	EndGlobalSection
	GlobalSection(ProjectConfigurationPlatforms) = postSolution
		{7E67ABC1-0998-4693-B957-F417CDF819D9}.Debug|Any CPU.ActiveCfg = Debug|Any CPU
		{7E67ABC1-0998-4693-B957-F417CDF819D9}.Release|Any CPU.ActiveCfg = Release|Any CPU
	EndGlobalSection
	GlobalSection(SolutionProperties) = preSolution
		HideSolutionNode = FALSE
	EndGlobalSection
	GlobalSection(ExtensibilityGlobals) = postSolution
		SolutionGuid = {204F8DBF-D8AA-455D-B336-DE92A9CF1360}
	EndGlobalSection
EndGlobal
